
Microsoft Visual Studio Solution File, Format Version 12.00
# Visual Studio Version 17
VisualStudioVersion = 17.8.34525.116
MinimumVisualStudioVersion = 10.0.40219.1
Project("{9A19103F-16F7-4668-BE54-9A1E7A4F7556}") = "StudentAttendanceSystem", "StudentAttendanceSystem\StudentAttendanceSystem.csproj", "{5576ADE3-B81E-4DB7-9E29-20E05C121C4A}"
EndProject
Project("{9A19103F-16F7-4668-BE54-9A1E7A4F7556}") = "DAL", "DAL\DAL.csproj", "{678F7B31-F1E6-4E1B-AA8E-9F2519915BA6}"
EndProject
Project("{9A19103F-16F7-4668-BE54-9A1E7A4F7556}") = "Models", "Model\Models.csproj", "{5B7A9240-605D-4805-8818-FBAAA694E087}"
EndProject
Project("{9A19103F-16F7-4668-BE54-9A1E7A4F7556}") = "BLL", "BLL\BLL.csproj", "{4C430D9C-E879-4537-B08D-BECB4AD2BEC6}"
EndProject
Global
	GlobalSection(SolutionConfigurationPlatforms) = preSolution
		Debug|Any CPU = Debug|Any CPU
		Release|Any CPU = Release|Any CPU
	EndGlobalSection
	GlobalSection(ProjectConfigurationPlatforms) = postSolution
		{5576ADE3-B81E-4DB7-9E29-20E05C121C4A}.Debug|Any CPU.ActiveCfg = Debug|Any CPU
		{5576ADE3-B81E-4DB7-9E29-20E05C121C4A}.Debug|Any CPU.Build.0 = Debug|Any CPU
		{5576ADE3-B81E-4DB7-9E29-20E05C121C4A}.Release|Any CPU.ActiveCfg = Release|Any CPU
		{5576ADE3-B81E-4DB7-9E29-20E05C121C4A}.Release|Any CPU.Build.0 = Release|Any CPU
		{678F7B31-F1E6-4E1B-AA8E-9F2519915BA6}.Debug|Any CPU.ActiveCfg = Debug|Any CPU
		{678F7B31-F1E6-4E1B-AA8E-9F2519915BA6}.Debug|Any CPU.Build.0 = Debug|Any CPU
		{678F7B31-F1E6-4E1B-AA8E-9F2519915BA6}.Release|Any CPU.ActiveCfg = Release|Any CPU
		{678F7B31-F1E6-4E1B-AA8E-9F2519915BA6}.Release|Any CPU.Build.0 = Release|Any CPU
		{5B7A9240-605D-4805-8818-FBAAA694E087}.Debug|Any CPU.ActiveCfg = Debug|Any CPU
		{5B7A9240-605D-4805-8818-FBAAA694E087}.Debug|Any CPU.Build.0 = Debug|Any CPU
		{5B7A9240-605D-4805-8818-FBAAA694E087}.Release|Any CPU.ActiveCfg = Release|Any CPU
		{5B7A9240-605D-4805-8818-FBAAA694E087}.Release|Any CPU.Build.0 = Release|Any CPU
		{4C430D9C-E879-4537-B08D-BECB4AD2BEC6}.Debug|Any CPU.ActiveCfg = Debug|Any CPU
		{4C430D9C-E879-4537-B08D-BECB4AD2BEC6}.Debug|Any CPU.Build.0 = Debug|Any CPU
		{4C430D9C-E879-4537-B08D-BECB4AD2BEC6}.Release|Any CPU.ActiveCfg = Release|Any CPU
		{4C430D9C-E879-4537-B08D-BECB4AD2BEC6}.Release|Any CPU.Build.0 = Release|Any CPU
	EndGlobalSection
	GlobalSection(SolutionProperties) = preSolution
		HideSolutionNode = FALSE
	EndGlobalSection
	GlobalSection(ExtensibilityGlobals) = postSolution
		SolutionGuid = {92DB784C-EE3A-4E2A-B5ED-C172135169CA}
	EndGlobalSection
EndGlobal
