
Microsoft Visual Studio Solution File, Format Version 12.00
# Visual Studio Version 17
VisualStudioVersion = 17.8.34525.116
MinimumVisualStudioVersion = 10.0.40219.1
Project("{FAE04EC0-301F-11D3-BF4B-00C04F79EFBC}") = "StudentAttendanceSystem", "StudentAttendanceSystem\StudentAttendanceSystem.csproj", "{5576ADE3-B81E-4DB7-9E29-20E05C121C4A}"
EndProject
Global
	GlobalSection(SolutionConfigurationPlatforms) = preSolution
		Debug|Any CPU = Debug|Any CPU
		Release|Any CPU = Release|Any CPU
	EndGlobalSection
	GlobalSection(ProjectConfigurationPlatforms) = postSolution
		{5576ADE3-B81E-4DB7-9E29-20E05C121C4A}.Debug|Any CPU.ActiveCfg = Debug|Any CPU
		{5576ADE3-B81E-4DB7-9E29-20E05C121C4A}.Debug|Any CPU.Build.0 = Debug|Any CPU
		{5576ADE3-B81E-4DB7-9E29-20E05C121C4A}.Release|Any CPU.ActiveCfg = Release|Any CPU
		{5576ADE3-B81E-4DB7-9E29-20E05C121C4A}.Release|Any CPU.Build.0 = Release|Any CPU
	EndGlobalSection
	GlobalSection(SolutionProperties) = preSolution
		HideSolutionNode = FALSE
	EndGlobalSection
	GlobalSection(ExtensibilityGlobals) = postSolution
		SolutionGuid = {92DB784C-EE3A-4E2A-B5ED-C172135169CA}
	EndGlobalSection
EndGlobal
